
Microsoft Visual Studio Solution File, Format Version 12.00
# Visual Studio 2013
VisualStudioVersion = 12.0.21005.1
MinimumVisualStudioVersion = 10.0.40219.1
Project("{FAE04EC0-301F-11D3-BF4B-00C04F79EFBC}") = "AjaxDemo", "AjaxDemo\AjaxDemo.csproj", "{5707841B-6108-4C89-924A-934C2420821F}"
EndProject
Project("{FAE04EC0-301F-11D3-BF4B-00C04F79EFBC}") = "AjaxDal", "AjaxDal\AjaxDal.csproj", "{A2346ECD-95F5-4E84-9A11-436B53FF7282}"
EndProject
Project("{FAE04EC0-301F-11D3-BF4B-00C04F79EFBC}") = "AjaxBll", "AjaxBll\AjaxBll.csproj", "{42960410-FEEA-43CB-A871-410F16F699DB}"
EndProject
Global
	GlobalSection(SolutionConfigurationPlatforms) = preSolution
		Debug|Any CPU = Debug|Any CPU
		Release|Any CPU = Release|Any CPU
	EndGlobalSection
	GlobalSection(ProjectConfigurationPlatforms) = postSolution
		{5707841B-6108-4C89-924A-934C2420821F}.Debug|Any CPU.ActiveCfg = Debug|Any CPU
		{5707841B-6108-4C89-924A-934C2420821F}.Debug|Any CPU.Build.0 = Debug|Any CPU
		{5707841B-6108-4C89-924A-934C2420821F}.Release|Any CPU.ActiveCfg = Release|Any CPU
		{5707841B-6108-4C89-924A-934C2420821F}.Release|Any CPU.Build.0 = Release|Any CPU
		{A2346ECD-95F5-4E84-9A11-436B53FF7282}.Debug|Any CPU.ActiveCfg = Debug|Any CPU
		{A2346ECD-95F5-4E84-9A11-436B53FF7282}.Debug|Any CPU.Build.0 = Debug|Any CPU
		{A2346ECD-95F5-4E84-9A11-436B53FF7282}.Release|Any CPU.ActiveCfg = Release|Any CPU
		{A2346ECD-95F5-4E84-9A11-436B53FF7282}.Release|Any CPU.Build.0 = Release|Any CPU
		{42960410-FEEA-43CB-A871-410F16F699DB}.Debug|Any CPU.ActiveCfg = Debug|Any CPU
		{42960410-FEEA-43CB-A871-410F16F699DB}.Debug|Any CPU.Build.0 = Debug|Any CPU
		{42960410-FEEA-43CB-A871-410F16F699DB}.Release|Any CPU.ActiveCfg = Release|Any CPU
		{42960410-FEEA-43CB-A871-410F16F699DB}.Release|Any CPU.Build.0 = Release|Any CPU
	EndGlobalSection
	GlobalSection(SolutionProperties) = preSolution
		HideSolutionNode = FALSE
	EndGlobalSection
EndGlobal
